<?xml version="1.0" encoding="utf-8"?>
<Project ToolsVersion="4.0" xmlns="http://schemas.microsoft.com/developer/msbuild/2003">
  <ItemGroup>
    <Filter Include="Source Files">
      <UniqueIdentifier>{4FC737F1-C7A5-4376-A066-2A32D752A2FF}</UniqueIdentifier>
      <Extensions>cpp;c;cc;cxx;c++;cppm;ixx;def;odl;idl;hpj;bat;asm;asmx</Extensions>
    </Filter>
    <Filter Include="Header Files">
      <UniqueIdentifier>{93995380-89BD-4b04-88EB-625FBE52EBFB}</UniqueIdentifier>
      <Extensions>h;hh;hpp;hxx;h++;hm;inl;inc;ipp;xsd</Extensions>
    </Filter>
    <Filter Include="Resource Files">
      <UniqueIdentifier>{67DA6AB6-F800-4c08-8B7A-83BB121AAD01}</UniqueIdentifier>
      <Extensions>rc;ico;cur;bmp;dlg;rc2;rct;bin;rgs;gif;jpg;jpeg;jpe;resx;tiff;tif;png;wav;mfcribbon-ms</Extensions>
    </Filter>
  </ItemGroup>
  <ItemGroup>
    <ClInclude Include="inc\Events\CollisionEvent.h">
      <Filter>Header Files</Filter>
    </ClInclude>
    <ClInclude Include="inc\AssetStore\AssetStore.h">
      <Filter>Header Files</Filter>
    </ClInclude>
    <ClInclude Include="inc\Editor\LevelTree.h">
      <Filter>Header Files</Filter>
    </ClInclude>
    <ClInclude Include="inc\Editor\TransformEditor.h">
      <Filter>Header Files</Filter>
    </ClInclude>
    <ClInclude Include="inc\Editor\PhysicsEditor.h">
      <Filter>Header Files</Filter>
    </ClInclude>
    <ClInclude Include="inc\Editor\RenderEditor.h">
      <Filter>Header Files</Filter>
    </ClInclude>
    <ClInclude Include="inc\AssetStore\AnimationAsset.h">
      <Filter>Header Files</Filter>
    </ClInclude>
    <ClInclude Include="inc\Editor\ComponentEditor.h">
      <Filter>Header Files</Filter>
    </ClInclude>
    <ClInclude Include="inc\Editor\AnimationEditor.h">
      <Filter>Header Files</Filter>
    </ClInclude>
    <ClInclude Include="inc\AssetStore\AssetHandle.h">
      <Filter>Header Files</Filter>
    </ClInclude>
    <ClInclude Include="inc\AssetStore\TextureAsset.h">
      <Filter>Header Files</Filter>
    </ClInclude>
    <ClInclude Include="inc\Editor\ImguiSystem.h">
      <Filter>Header Files</Filter>
    </ClInclude>
    <ClInclude Include="inc\Runtime\Animation\AnimationImporter.h">
      <Filter>Header Files</Filter>
    </ClInclude>
    <ClInclude Include="inc\Runtime\Animation\AnimationSystem.h">
      <Filter>Header Files</Filter>
    </ClInclude>
    <ClInclude Include="inc\Runtime\AssetStore\AnimationAsset.h">
      <Filter>Header Files</Filter>
    </ClInclude>
    <ClInclude Include="inc\Runtime\AssetStore\AssetHandle.h">
      <Filter>Header Files</Filter>
    </ClInclude>
    <ClInclude Include="inc\Runtime\AssetStore\AssetStore.h">
      <Filter>Header Files</Filter>
    </ClInclude>
    <ClInclude Include="inc\Runtime\AssetStore\TextureAsset.h">
      <Filter>Header Files</Filter>
    </ClInclude>
    <ClInclude Include="inc\Runtime\Components\AnimationComponent.h">
      <Filter>Header Files</Filter>
    </ClInclude>
    <ClInclude Include="inc\Runtime\Components\CameraComponent.h">
      <Filter>Header Files</Filter>
    </ClInclude>
    <ClInclude Include="inc\Runtime\Components\Components.h">
      <Filter>Header Files</Filter>
    </ClInclude>
    <ClInclude Include="inc\Runtime\Components\GUIDComponent.h">
      <Filter>Header Files</Filter>
    </ClInclude>
    <ClInclude Include="inc\Runtime\Components\PhysicsBodyComponent.h">
      <Filter>Header Files</Filter>
    </ClInclude>
    <ClInclude Include="inc\Runtime\Components\PlayerComponent.h">
      <Filter>Header Files</Filter>
    </ClInclude>
    <ClInclude Include="inc\Runtime\Components\ScriptComponent.h">
      <Filter>Header Files</Filter>
    </ClInclude>
    <ClInclude Include="inc\Runtime\Components\SpriteComponent.h">
      <Filter>Header Files</Filter>
    </ClInclude>
    <ClInclude Include="inc\Runtime\Components\TransformComponent.h">
      <Filter>Header Files</Filter>
    </ClInclude>
    <ClInclude Include="inc\Runtime\Core\Entity.h">
      <Filter>Header Files</Filter>
    </ClInclude>
    <ClInclude Include="inc\Runtime\Core\FileResource.h">
      <Filter>Header Files</Filter>
    </ClInclude>
    <ClInclude Include="inc\Runtime\Core\Game.h">
      <Filter>Header Files</Filter>
    </ClInclude>
    <ClInclude Include="inc\Runtime\Core\LevelLoader.h">
      <Filter>Header Files</Filter>
    </ClInclude>
    <ClInclude Include="inc\Runtime\Core\SdlContainer.h">
      <Filter>Header Files</Filter>
    </ClInclude>
    <ClInclude Include="inc\Runtime\Core\Systems.h">
      <Filter>Header Files</Filter>
    </ClInclude>
    <ClInclude Include="inc\Runtime\Core\TimeSystem.h">
      <Filter>Header Files</Filter>
    </ClInclude>
    <ClInclude Include="inc\Runtime\Core\Transform.h">
      <Filter>Header Files</Filter>
    </ClInclude>
    <ClInclude Include="inc\Runtime\Events\AnimationEvent.h">
      <Filter>Header Files</Filter>
    </ClInclude>
    <ClInclude Include="inc\Runtime\Events\EntityEvent.h">
      <Filter>Header Files</Filter>
    </ClInclude>
    <ClInclude Include="inc\Runtime\Events\EntityEventSystem.h">
      <Filter>Header Files</Filter>
    </ClInclude>
    <ClInclude Include="inc\Runtime\Events\Event.h">
      <Filter>Header Files</Filter>
    </ClInclude>
    <ClInclude Include="inc\Runtime\Events\EventBus.h">
      <Filter>Header Files</Filter>
    </ClInclude>
    <ClInclude Include="inc\Runtime\Events\KeyPressedEvent.h">
      <Filter>Header Files</Filter>
    </ClInclude>
    <ClInclude Include="inc\Runtime\Input\InputSystem.h">
      <Filter>Header Files</Filter>
    </ClInclude>
    <ClInclude Include="inc\Runtime\Physics\Physics.h">
      <Filter>Header Files</Filter>
    </ClInclude>
    <ClInclude Include="inc\Runtime\Renderer\Renderer.h">
      <Filter>Header Files</Filter>
    </ClInclude>
    <ClInclude Include="inc\Runtime\Scripting\Script.h">
      <Filter>Header Files</Filter>
    </ClInclude>
    <ClInclude Include="inc\Runtime\Scripting\ScriptSystem.h">
      <Filter>Header Files</Filter>
    </ClInclude>
    <ClInclude Include="inc\Runtime\Scripting\SpawnerScript.h">
      <Filter>Header Files</Filter>
    </ClInclude>
    <ClInclude Include="inc\Runtime\Structures\Tree.h">
      <Filter>Header Files</Filter>
    </ClInclude>
    <ClInclude Include="inc\Editor\Editor.h">
      <Filter>Header Files</Filter>
    </ClInclude>
    <ClInclude Include="inc\Runtime\Debugging\Logger.h">
      <Filter>Header Files</Filter>
    </ClInclude>
    <ClInclude Include="inc\Tools\AssetManager.h">
      <Filter>Header Files</Filter>
    </ClInclude>
    <ClInclude Include="inc\Runtime\AssetStore\AssetPackage.h">
      <Filter>Header Files</Filter>
    </ClInclude>
    <ClInclude Include="inc\Editor\ScriptEditor.h">
      <Filter>Header Files</Filter>
    </ClInclude>
    <ClInclude Include="inc\Editor\LevelTreeEditor.h">
      <Filter>Header Files</Filter>
    </ClInclude>
    <ClInclude Include="inc\Editor\PlayerEditor.h">
      <Filter>Header Files</Filter>
    </ClInclude>
    <ClInclude Include="inc\Editor\GuidEditor.h">
      <Filter>Header Files</Filter>
    </ClInclude>
    <ClInclude Include="inc\Runtime\Physics\CollisionListener.h">
      <Filter>Header Files</Filter>
    </ClInclude>
    <ClInclude Include="inc\Runtime\Scripting\OrbScript.h">
      <Filter>Header Files</Filter>
    </ClInclude>
  </ItemGroup>
  <ItemGroup>
    <ClCompile Include="src\Editor\Editor.cpp">
      <Filter>Source Files</Filter>
    </ClCompile>
    <ClCompile Include="src\Editor\ImguiSystem.cpp">
      <Filter>Source Files</Filter>
    </ClCompile>
    <ClCompile Include="src\Editor\LevelTree.cpp">
      <Filter>Source Files</Filter>
    </ClCompile>
    <ClCompile Include="src\Runtime\Animation\AnimationSystem.cpp">
      <Filter>Source Files</Filter>
    </ClCompile>
    <ClCompile Include="src\Runtime\AssetStore\AnimationAsset.cpp">
      <Filter>Source Files</Filter>
    </ClCompile>
    <ClCompile Include="src\Runtime\AssetStore\AnimationImporter.cpp">
      <Filter>Source Files</Filter>
    </ClCompile>
    <ClCompile Include="src\Runtime\AssetStore\AssetStore.cpp">
      <Filter>Source Files</Filter>
    </ClCompile>
    <ClCompile Include="src\Runtime\Core\Entity.cpp">
      <Filter>Source Files</Filter>
    </ClCompile>
    <ClCompile Include="src\Runtime\Core\EntityEventSystem.cpp">
      <Filter>Source Files</Filter>
    </ClCompile>
    <ClCompile Include="src\Runtime\Core\Game.cpp">
      <Filter>Source Files</Filter>
    </ClCompile>
    <ClCompile Include="src\Runtime\Core\Main.cpp">
      <Filter>Source Files</Filter>
    </ClCompile>
    <ClCompile Include="src\Runtime\Core\SdlContainer.cpp">
      <Filter>Source Files</Filter>
    </ClCompile>
    <ClCompile Include="src\Runtime\Core\TimeSystem.cpp">
      <Filter>Source Files</Filter>
    </ClCompile>
    <ClCompile Include="src\Runtime\Core\Transform.cpp">
      <Filter>Source Files</Filter>
    </ClCompile>
    <ClCompile Include="src\Runtime\Levels\LevelLoader.cpp">
      <Filter>Source Files</Filter>
    </ClCompile>
    <ClCompile Include="src\Runtime\Physics\Physics.cpp">
      <Filter>Source Files</Filter>
    </ClCompile>
    <ClCompile Include="src\Runtime\Renderer\Renderer.cpp">
      <Filter>Source Files</Filter>
    </ClCompile>
    <ClCompile Include="src\Runtime\Scripting\ScriptSystem.cpp">
      <Filter>Source Files</Filter>
    </ClCompile>
    <ClCompile Include="src\Runtime\Input\InputSystem.cpp">
      <Filter>Source Files</Filter>
    </ClCompile>
    <ClCompile Include="src\Runtime\Debugging\Logger.cpp">
      <Filter>Source Files</Filter>
    </ClCompile>
    <ClCompile Include="src\Editor\LevelTreeEditor.cpp">
      <Filter>Source Files</Filter>
    </ClCompile>
    <ClCompile Include="src\Runtime\Components\TransformComponent.cpp">
      <Filter>Source Files</Filter>
    </ClCompile>
    <ClCompile Include="src\Runtime\Physics\CollisionListener.cpp">
      <Filter>Source Files</Filter>
    </ClCompile>
  </ItemGroup>
  <ItemGroup>
    <None Include="assets\Scripts\Player.lua" />
  </ItemGroup>
</Project>